<?xml version="1.0" encoding="utf-8"?>
<Project ToolsVersion="4.0" xmlns="http://schemas.microsoft.com/developer/msbuild/2003">
  <ItemGroup>
    <Filter Include="Source Files">
      <UniqueIdentifier>{C7A400D5-3CC4-4BE5-AFA5-F7EE64ACFA85}</UniqueIdentifier>
      <Extensions>cpp;c;cc;cxx;def;odl;idl;hpj;bat;asm;asmx</Extensions>
    </Filter>
    <Filter Include="Header Files">
      <UniqueIdentifier>{0FA1E9B7-C664-4953-987C-854E526B6E14}</UniqueIdentifier>
      <Extensions>h;hpp;hxx;hm;inl;inc;xsd</Extensions>
    </Filter>
     <Filter Include="Resources">
      <UniqueIdentifier>{1D213EDB-77DF-437B-8ADA-99D998BAF9F0}</UniqueIdentifier>
    </Filter>   
  </ItemGroup>
  <ItemGroup>
    <ClCompile Include="plugin.cpp">
      <Filter>Source Files</Filter>
    </ClCompile>
    <ClCompile Include="RackAFXDLL.cpp">
      <Filter>Source Files</Filter>
    </ClCompile>
    <ClCompile Include="DDLModule.cpp">
      <Filter>Source Files</Filter>
    </ClCompile>
  </ItemGroup>
  <ItemGroup>
    <ClInclude Include="plugin.h">
      <Filter>Header Files</Filter>
    </ClInclude>
    <ClInclude Include="pluginconstants.h">
      <Filter>Header Files</Filter>
    </ClInclude>
    <ClInclude Include="RackAFXDLL.h">
      <Filter>Header Files</Filter>
    </ClInclude>
    <ClInclude Include="DDLModule.h">
      <Filter>Header Files</Filter>
    </ClInclude>
    <ClInclude Include="resource.h">
      <Filter>Resources</Filter>
    </ClInclude>
  </ItemGroup>
   <ItemGroup>
      <Image Include="resources\knobvst.png">
        <Filter>Resources</Filter>
      </Image>
    </ItemGroup>
    <ItemGroup>
      <ResourceCompile Include="DDLModule.rc">
        <Filter>Resources</Filter>
      </ResourceCompile>
    </ItemGroup>
    <ItemGroup>
      <None Include="RackAFX.uidesc">
        <Filter>Resources</Filter>
      </None>
  </ItemGroup>
</Project>

